
Microsoft Visual Studio Solution File, Format Version 12.00
# Visual Studio Version 16
VisualStudioVersion = 16.0.29728.190
MinimumVisualStudioVersion = 10.0.40219.1
Project("{FAE04EC0-301F-11D3-BF4B-00C04F79EFBC}") = "SitMe", "SitMe.csproj", "{30D9C6A9-9FC2-4254-A200-E5CA5B788EF2}"
EndProject
Project("{FAE04EC0-301F-11D3-BF4B-00C04F79EFBC}") = "ClassLibrary1", "..\ClassLibrary1\ClassLibrary1.csproj", "{FFCB64DE-3DB7-4519-9AB1-C2312E2C8012}"
EndProject
Global
	GlobalSection(SolutionConfigurationPlatforms) = preSolution
		Debug|Any CPU = Debug|Any CPU
		Release|Any CPU = Release|Any CPU
	EndGlobalSection
	GlobalSection(ProjectConfigurationPlatforms) = postSolution
		{30D9C6A9-9FC2-4254-A200-E5CA5B788EF2}.Debug|Any CPU.ActiveCfg = Debug|Any CPU
		{30D9C6A9-9FC2-4254-A200-E5CA5B788EF2}.Debug|Any CPU.Build.0 = Debug|Any CPU
		{30D9C6A9-9FC2-4254-A200-E5CA5B788EF2}.Release|Any CPU.ActiveCfg = Release|Any CPU
		{30D9C6A9-9FC2-4254-A200-E5CA5B788EF2}.Release|Any CPU.Build.0 = Release|Any CPU
		{FFCB64DE-3DB7-4519-9AB1-C2312E2C8012}.Debug|Any CPU.ActiveCfg = Debug|Any CPU
		{FFCB64DE-3DB7-4519-9AB1-C2312E2C8012}.Debug|Any CPU.Build.0 = Debug|Any CPU
		{FFCB64DE-3DB7-4519-9AB1-C2312E2C8012}.Release|Any CPU.ActiveCfg = Release|Any CPU
		{FFCB64DE-3DB7-4519-9AB1-C2312E2C8012}.Release|Any CPU.Build.0 = Release|Any CPU
	EndGlobalSection
	GlobalSection(SolutionProperties) = preSolution
		HideSolutionNode = FALSE
	EndGlobalSection
	GlobalSection(ExtensibilityGlobals) = postSolution
		SolutionGuid = {60794EA6-FC47-44A5-9FFA-654669D99149}
	EndGlobalSection
EndGlobal
